github.com/MichaelS11/go-dht v0.1.0 h1:Ihf8xpZx/aprZ6A0x5rVVytLO+50unJo04SWvADwdjQ=
github.com/MichaelS11/go-dht v0.1.0/go.mod h1:NTx2rUi8kfs8Qk9Fotoyf/3lQnKBdc2mhyZqO4AhVLI=
github.com/amenzhinsky/iothub v0.9.0 h1:7MVZY1vV8m4CBygJ9+BdUqWxbSiK8CfCbG3PvZsrQr4=
github.com/amenzhinsky/iothub v0.9.0/go.mod h1:1LNThObwOD3cv2IvGIJ47q8EURGneS3RWmMQIWczRjo=
periph.io/x/periph v3.6.8+incompatible h1:lki0ie6wHtvlilXhIkabdCUQMpb5QN4Fx33yNQdqnaA=
periph.io/x/periph v3.6.8+incompatible/go.mod h1:EWr+FCIU2dBWz5/wSWeiIUJTriYv9v2j2ENBmgYyy7Y=
